
Microsoft Visual Studio Solution File, Format Version 12.00
# Visual Studio Version 17
VisualStudioVersion = 17.11.35312.102
MinimumVisualStudioVersion = 10.0.40219.1
Project("{FAE04EC0-301F-11D3-BF4B-00C04F79EFBC}") = "CSN_Parents_Portal", "CSN_Parents_Portal\CSN_Parents_Portal.csproj", "{C897F398-B492-4045-A657-98C023963EB8}"
EndProject
Global
	GlobalSection(SolutionConfigurationPlatforms) = preSolution
		Debug|Any CPU = Debug|Any CPU
		Release|Any CPU = Release|Any CPU
	EndGlobalSection
	GlobalSection(ProjectConfigurationPlatforms) = postSolution
		{C897F398-B492-4045-A657-98C023963EB8}.Debug|Any CPU.ActiveCfg = Debug|Any CPU
		{C897F398-B492-4045-A657-98C023963EB8}.Debug|Any CPU.Build.0 = Debug|Any CPU
		{C897F398-B492-4045-A657-98C023963EB8}.Release|Any CPU.ActiveCfg = Release|Any CPU
		{C897F398-B492-4045-A657-98C023963EB8}.Release|Any CPU.Build.0 = Release|Any CPU
	EndGlobalSection
	GlobalSection(SolutionProperties) = preSolution
		HideSolutionNode = FALSE
	EndGlobalSection
	GlobalSection(ExtensibilityGlobals) = postSolution
		SolutionGuid = {5859738A-2D48-4E66-A136-D427B3C47668}
	EndGlobalSection
EndGlobal
